
Microsoft Visual Studio Solution File, Format Version 12.00
# Visual Studio Version 17
VisualStudioVersion = 17.10.35013.160
MinimumVisualStudioVersion = 10.0.40219.1
Project("{9A19103F-16F7-4668-BE54-9A1E7A4F7556}") = "AspDotNetMVCwithReact.Server", "AspDotNetMVCwithReact.Server.csproj", "{372D3F10-AE99-41DA-8D1E-CC82FDF472F2}"
EndProject
Global
	GlobalSection(SolutionConfigurationPlatforms) = preSolution
		Debug|Any CPU = Debug|Any CPU
		Release|Any CPU = Release|Any CPU
	EndGlobalSection
	GlobalSection(ProjectConfigurationPlatforms) = postSolution
		{372D3F10-AE99-41DA-8D1E-CC82FDF472F2}.Debug|Any CPU.ActiveCfg = Debug|Any CPU
		{372D3F10-AE99-41DA-8D1E-CC82FDF472F2}.Debug|Any CPU.Build.0 = Debug|Any CPU
		{372D3F10-AE99-41DA-8D1E-CC82FDF472F2}.Release|Any CPU.ActiveCfg = Release|Any CPU
		{372D3F10-AE99-41DA-8D1E-CC82FDF472F2}.Release|Any CPU.Build.0 = Release|Any CPU
	EndGlobalSection
	GlobalSection(SolutionProperties) = preSolution
		HideSolutionNode = FALSE
	EndGlobalSection
	GlobalSection(ExtensibilityGlobals) = postSolution
		SolutionGuid = {8922523E-70F0-484E-9296-303F85D0F3F8}
	EndGlobalSection
EndGlobal
